// !$*UTF8*$!
{
	archiveVersion = 1;
	classes = {
	};
	objectVersion = 56;
	objects = {

/* Begin PBXBuildFile section */
		A29C2B822D6F0FCD001B9E03 /* AudioStreamingSwiftUIApp.swift in Sources */ = {isa = PBXBuildFile; fileRef = A29C2B812D6F0FCD001B9E03 /* AudioStreamingSwiftUIApp.swift */; };
		A29C2B842D6F0FCD001B9E03 /* GreetingsPage.swift in Sources */ = {isa = PBXBuildFile; fileRef = A29C2B832D6F0FCD001B9E03 /* GreetingsPage.swift */; };
		A29C2B862D6F0FCE001B9E03 /* Assets.xcassets in Resources */ = {isa = PBXBuildFile; fileRef = A29C2B852D6F0FCE001B9E03 /* Assets.xcassets */; };
		A29C2B892D6F0FCE001B9E03 /* Preview Assets.xcassets in Resources */ = {isa = PBXBuildFile; fileRef = A29C2B882D6F0FCE001B9E03 /* Preview Assets.xcassets */; };
		A29C2B932D6F0FCE001B9E03 /* ConversationsViewTests.swift in Sources */ = {isa = PBXBuildFile; fileRef = A29C2B922D6F0FCE001B9E03 /* ConversationsViewTests.swift */; };
		A29C2B9D2D6F0FCE001B9E03 /* AudioStreamingSwiftUIUITests.swift in Sources */ = {isa = PBXBuildFile; fileRef = A29C2B9C2D6F0FCE001B9E03 /* AudioStreamingSwiftUIUITests.swift */; };
		A29C2B9F2D6F0FCE001B9E03 /* AudioStreamingSwiftUIUITestsLaunchTests.swift in Sources */ = {isa = PBXBuildFile; fileRef = A29C2B9E2D6F0FCE001B9E03 /* AudioStreamingSwiftUIUITestsLaunchTests.swift */; };
		A29C2BAD2D6F1448001B9E03 /* Lottie in Frameworks */ = {isa = PBXBuildFile; productRef = A29C2BAC2D6F1448001B9E03 /* Lottie */; };
		A29C2BB22D6F1690001B9E03 /* SDWebImageSwiftUI in Frameworks */ = {isa = PBXBuildFile; productRef = A29C2BB12D6F1690001B9E03 /* SDWebImageSwiftUI */; };
		A29C2BB52D6F1BE3001B9E03 /* SDWebImageSVGCoder in Frameworks */ = {isa = PBXBuildFile; productRef = A29C2BB42D6F1BE3001B9E03 /* SDWebImageSVGCoder */; };
		A29C2BB72D6F22CF001B9E03 /* ColorConstant.swift in Sources */ = {isa = PBXBuildFile; fileRef = A29C2BB62D6F22CF001B9E03 /* ColorConstant.swift */; };
		A29C2BBB2D6F3023001B9E03 /* ConversationsPage.swift in Sources */ = {isa = PBXBuildFile; fileRef = A29C2BBA2D6F3023001B9E03 /* ConversationsPage.swift */; };
		A29C2BBF2D6F3A46001B9E03 /* MockURLSession.swift in Sources */ = {isa = PBXBuildFile; fileRef = A29C2BBE2D6F3A46001B9E03 /* MockURLSession.swift */; };
		A29C2BC12D6F3AB9001B9E03 /* URLSessionProtocol.swift in Sources */ = {isa = PBXBuildFile; fileRef = A29C2BC02D6F3AB9001B9E03 /* URLSessionProtocol.swift */; };
		A29C2BC52D6F3D0C001B9E03 /* VoiceOption.swift in Sources */ = {isa = PBXBuildFile; fileRef = A29C2BC42D6F3D0C001B9E03 /* VoiceOption.swift */; };
		A29C2BC72D6F43E1001B9E03 /* AudioPlayer.swift in Sources */ = {isa = PBXBuildFile; fileRef = A29C2BC62D6F43E1001B9E03 /* AudioPlayer.swift */; };
		A29C2BC92D6F45CD001B9E03 /* MockAudioPlayer.swift in Sources */ = {isa = PBXBuildFile; fileRef = A29C2BC82D6F45CD001B9E03 /* MockAudioPlayer.swift */; };
		A29C2BCB2D6F464E001B9E03 /* GreetingsViewModelTests.swift in Sources */ = {isa = PBXBuildFile; fileRef = A29C2BCA2D6F464E001B9E03 /* GreetingsViewModelTests.swift */; };
		A2A945742D70347400EE3DDA /* AudioStreaming in Frameworks */ = {isa = PBXBuildFile; productRef = A2A945732D70347400EE3DDA /* AudioStreaming */; };
		A2A945782D70372300EE3DDA /* API.swift in Sources */ = {isa = PBXBuildFile; fileRef = A2A945772D70372300EE3DDA /* API.swift */; };
/* End PBXBuildFile section */

/* Begin PBXContainerItemProxy section */
		A29C2B8F2D6F0FCE001B9E03 /* PBXContainerItemProxy */ = {
			isa = PBXContainerItemProxy;
			containerPortal = A29C2B762D6F0FCD001B9E03 /* Project object */;
			proxyType = 1;
			remoteGlobalIDString = A29C2B7D2D6F0FCD001B9E03;
			remoteInfo = AudioStreamingSwiftUI;
		};
		A29C2B992D6F0FCE001B9E03 /* PBXContainerItemProxy */ = {
			isa = PBXContainerItemProxy;
			containerPortal = A29C2B762D6F0FCD001B9E03 /* Project object */;
			proxyType = 1;
			remoteGlobalIDString = A29C2B7D2D6F0FCD001B9E03;
			remoteInfo = AudioStreamingSwiftUI;
		};
/* End PBXContainerItemProxy section */

/* Begin PBXFileReference section */
		A29C2B7E2D6F0FCD001B9E03 /* AudioStreamingSwiftUI.app */ = {isa = PBXFileReference; explicitFileType = wrapper.application; includeInIndex = 0; path = AudioStreamingSwiftUI.app; sourceTree = BUILT_PRODUCTS_DIR; };
		A29C2B812D6F0FCD001B9E03 /* AudioStreamingSwiftUIApp.swift */ = {isa = PBXFileReference; lastKnownFileType = sourcecode.swift; path = AudioStreamingSwiftUIApp.swift; sourceTree = "<group>"; };
		A29C2B832D6F0FCD001B9E03 /* GreetingsPage.swift */ = {isa = PBXFileReference; lastKnownFileType = sourcecode.swift; path = GreetingsPage.swift; sourceTree = "<group>"; };
		A29C2B852D6F0FCE001B9E03 /* Assets.xcassets */ = {isa = PBXFileReference; lastKnownFileType = folder.assetcatalog; path = Assets.xcassets; sourceTree = "<group>"; };
		A29C2B882D6F0FCE001B9E03 /* Preview Assets.xcassets */ = {isa = PBXFileReference; lastKnownFileType = folder.assetcatalog; path = "Preview Assets.xcassets"; sourceTree = "<group>"; };
		A29C2B8E2D6F0FCE001B9E03 /* AudioStreamingSwiftUITests.xctest */ = {isa = PBXFileReference; explicitFileType = wrapper.cfbundle; includeInIndex = 0; path = AudioStreamingSwiftUITests.xctest; sourceTree = BUILT_PRODUCTS_DIR; };
		A29C2B922D6F0FCE001B9E03 /* ConversationsViewTests.swift */ = {isa = PBXFileReference; lastKnownFileType = sourcecode.swift; path = ConversationsViewTests.swift; sourceTree = "<group>"; };
		A29C2B982D6F0FCE001B9E03 /* AudioStreamingSwiftUIUITests.xctest */ = {isa = PBXFileReference; explicitFileType = wrapper.cfbundle; includeInIndex = 0; path = AudioStreamingSwiftUIUITests.xctest; sourceTree = BUILT_PRODUCTS_DIR; };
		A29C2B9C2D6F0FCE001B9E03 /* AudioStreamingSwiftUIUITests.swift */ = {isa = PBXFileReference; lastKnownFileType = sourcecode.swift; path = AudioStreamingSwiftUIUITests.swift; sourceTree = "<group>"; };
		A29C2B9E2D6F0FCE001B9E03 /* AudioStreamingSwiftUIUITestsLaunchTests.swift */ = {isa = PBXFileReference; lastKnownFileType = sourcecode.swift; path = AudioStreamingSwiftUIUITestsLaunchTests.swift; sourceTree = "<group>"; };
		A29C2BB62D6F22CF001B9E03 /* ColorConstant.swift */ = {isa = PBXFileReference; lastKnownFileType = sourcecode.swift; path = ColorConstant.swift; sourceTree = "<group>"; };
		A29C2BBA2D6F3023001B9E03 /* ConversationsPage.swift */ = {isa = PBXFileReference; lastKnownFileType = sourcecode.swift; path = ConversationsPage.swift; sourceTree = "<group>"; };
		A29C2BBE2D6F3A46001B9E03 /* MockURLSession.swift */ = {isa = PBXFileReference; lastKnownFileType = sourcecode.swift; path = MockURLSession.swift; sourceTree = "<group>"; };
		A29C2BC02D6F3AB9001B9E03 /* URLSessionProtocol.swift */ = {isa = PBXFileReference; lastKnownFileType = sourcecode.swift; path = URLSessionProtocol.swift; sourceTree = "<group>"; };
		A29C2BC42D6F3D0C001B9E03 /* VoiceOption.swift */ = {isa = PBXFileReference; lastKnownFileType = sourcecode.swift; path = VoiceOption.swift; sourceTree = "<group>"; };
		A29C2BC62D6F43E1001B9E03 /* AudioPlayer.swift */ = {isa = PBXFileReference; lastKnownFileType = sourcecode.swift; path = AudioPlayer.swift; sourceTree = "<group>"; };
		A29C2BC82D6F45CD001B9E03 /* MockAudioPlayer.swift */ = {isa = PBXFileReference; lastKnownFileType = sourcecode.swift; path = MockAudioPlayer.swift; sourceTree = "<group>"; };
		A29C2BCA2D6F464E001B9E03 /* GreetingsViewModelTests.swift */ = {isa = PBXFileReference; lastKnownFileType = sourcecode.swift; path = GreetingsViewModelTests.swift; sourceTree = "<group>"; };
		A2A945772D70372300EE3DDA /* API.swift */ = {isa = PBXFileReference; lastKnownFileType = sourcecode.swift; path = API.swift; sourceTree = "<group>"; };
/* End PBXFileReference section */

/* Begin PBXFrameworksBuildPhase section */
		A29C2B7B2D6F0FCD001B9E03 /* Frameworks */ = {
			isa = PBXFrameworksBuildPhase;
			buildActionMask = 2147483647;
			files = (
				A29C2BB52D6F1BE3001B9E03 /* SDWebImageSVGCoder in Frameworks */,
				A29C2BB22D6F1690001B9E03 /* SDWebImageSwiftUI in Frameworks */,
				A2A945742D70347400EE3DDA /* AudioStreaming in Frameworks */,
				A29C2BAD2D6F1448001B9E03 /* Lottie in Frameworks */,
			);
			runOnlyForDeploymentPostprocessing = 0;
		};
		A29C2B8B2D6F0FCE001B9E03 /* Frameworks */ = {
			isa = PBXFrameworksBuildPhase;
			buildActionMask = 2147483647;
			files = (
			);
			runOnlyForDeploymentPostprocessing = 0;
		};
		A29C2B952D6F0FCE001B9E03 /* Frameworks */ = {
			isa = PBXFrameworksBuildPhase;
			buildActionMask = 2147483647;
			files = (
			);
			runOnlyForDeploymentPostprocessing = 0;
		};
/* End PBXFrameworksBuildPhase section */

/* Begin PBXGroup section */
		A29C2B752D6F0FCD001B9E03 = {
			isa = PBXGroup;
			children = (
				A29C2B802D6F0FCD001B9E03 /* AudioStreamingSwiftUI */,
				A29C2B912D6F0FCE001B9E03 /* AudioStreamingSwiftUITests */,
				A29C2B9B2D6F0FCE001B9E03 /* AudioStreamingSwiftUIUITests */,
				A29C2B7F2D6F0FCD001B9E03 /* Products */,
			);
			sourceTree = "<group>";
		};
		A29C2B7F2D6F0FCD001B9E03 /* Products */ = {
			isa = PBXGroup;
			children = (
				A29C2B7E2D6F0FCD001B9E03 /* AudioStreamingSwiftUI.app */,
				A29C2B8E2D6F0FCE001B9E03 /* AudioStreamingSwiftUITests.xctest */,
				A29C2B982D6F0FCE001B9E03 /* AudioStreamingSwiftUIUITests.xctest */,
			);
			name = Products;
			sourceTree = "<group>";
		};
		A29C2B802D6F0FCD001B9E03 /* AudioStreamingSwiftUI */ = {
			isa = PBXGroup;
			children = (
				A29C2B852D6F0FCE001B9E03 /* Assets.xcassets */,
				A29C2B812D6F0FCD001B9E03 /* AudioStreamingSwiftUIApp.swift */,
				A29C2BC32D6F3BEB001B9E03 /* Core */,
				A2A945752D7036FB00EE3DDA /* Network */,
				A29C2BC22D6F3BE3001B9E03 /* Page */,
				A29C2B872D6F0FCE001B9E03 /* Preview Content */,
			);
			path = AudioStreamingSwiftUI;
			sourceTree = "<group>";
		};
		A29C2B872D6F0FCE001B9E03 /* Preview Content */ = {
			isa = PBXGroup;
			children = (
				A29C2B882D6F0FCE001B9E03 /* Preview Assets.xcassets */,
			);
			path = "Preview Content";
			sourceTree = "<group>";
		};
		A29C2B912D6F0FCE001B9E03 /* AudioStreamingSwiftUITests */ = {
			isa = PBXGroup;
			children = (
				A29C2B922D6F0FCE001B9E03 /* ConversationsViewTests.swift */,
				A29C2BCA2D6F464E001B9E03 /* GreetingsViewModelTests.swift */,
				A29C2BCC2D6F4668001B9E03 /* Mock */,
			);
			path = AudioStreamingSwiftUITests;
			sourceTree = "<group>";
		};
		A29C2B9B2D6F0FCE001B9E03 /* AudioStreamingSwiftUIUITests */ = {
			isa = PBXGroup;
			children = (
				A29C2B9C2D6F0FCE001B9E03 /* AudioStreamingSwiftUIUITests.swift */,
				A29C2B9E2D6F0FCE001B9E03 /* AudioStreamingSwiftUIUITestsLaunchTests.swift */,
			);
			path = AudioStreamingSwiftUIUITests;
			sourceTree = "<group>";
		};
		A29C2BC22D6F3BE3001B9E03 /* Page */ = {
			isa = PBXGroup;
			children = (
				A29C2BBA2D6F3023001B9E03 /* ConversationsPage.swift */,
				A29C2B832D6F0FCD001B9E03 /* GreetingsPage.swift */,
			);
			path = Page;
			sourceTree = "<group>";
		};
		A29C2BC32D6F3BEB001B9E03 /* Core */ = {
			isa = PBXGroup;
			children = (
				A29C2BC62D6F43E1001B9E03 /* AudioPlayer.swift */,
				A29C2BB62D6F22CF001B9E03 /* ColorConstant.swift */,
				A29C2BC02D6F3AB9001B9E03 /* URLSessionProtocol.swift */,
			);
			path = Core;
			sourceTree = "<group>";
		};
		A29C2BCC2D6F4668001B9E03 /* Mock */ = {
			isa = PBXGroup;
			children = (
				A29C2BBE2D6F3A46001B9E03 /* MockURLSession.swift */,
				A29C2BC82D6F45CD001B9E03 /* MockAudioPlayer.swift */,
			);
			path = Mock;
			sourceTree = "<group>";
		};
		A29C2BCD2D6F47A1001B9E03 /* Model */ = {
			isa = PBXGroup;
			children = (
				A29C2BC42D6F3D0C001B9E03 /* VoiceOption.swift */,
			);
			path = Model;
			sourceTree = "<group>";
		};
		A2A945752D7036FB00EE3DDA /* Network */ = {
			isa = PBXGroup;
			children = (
				A2A945772D70372300EE3DDA /* API.swift */,
				A29C2BCD2D6F47A1001B9E03 /* Model */,
			);
			path = Network;
			sourceTree = "<group>";
		};
/* End PBXGroup section */

/* Begin PBXNativeTarget section */
		A29C2B7D2D6F0FCD001B9E03 /* AudioStreamingSwiftUI */ = {
			isa = PBXNativeTarget;
			buildConfigurationList = A29C2BA22D6F0FCE001B9E03 /* Build configuration list for PBXNativeTarget "AudioStreamingSwiftUI" */;
			buildPhases = (
				A29C2B7A2D6F0FCD001B9E03 /* Sources */,
				A29C2B7B2D6F0FCD001B9E03 /* Frameworks */,
				A29C2B7C2D6F0FCD001B9E03 /* Resources */,
			);
			buildRules = (
			);
			dependencies = (
			);
			name = AudioStreamingSwiftUI;
			packageProductDependencies = (
				A29C2BAC2D6F1448001B9E03 /* Lottie */,
				A29C2BB12D6F1690001B9E03 /* SDWebImageSwiftUI */,
				A29C2BB42D6F1BE3001B9E03 /* SDWebImageSVGCoder */,
				A2A945732D70347400EE3DDA /* AudioStreaming */,
			);
			productName = AudioStreamingSwiftUI;
			productReference = A29C2B7E2D6F0FCD001B9E03 /* AudioStreamingSwiftUI.app */;
			productType = "com.apple.product-type.application";
		};
		A29C2B8D2D6F0FCE001B9E03 /* AudioStreamingSwiftUITests */ = {
			isa = PBXNativeTarget;
			buildConfigurationList = A29C2BA52D6F0FCE001B9E03 /* Build configuration list for PBXNativeTarget "AudioStreamingSwiftUITests" */;
			buildPhases = (
				A29C2B8A2D6F0FCE001B9E03 /* Sources */,
				A29C2B8B2D6F0FCE001B9E03 /* Frameworks */,
				A29C2B8C2D6F0FCE001B9E03 /* Resources */,
			);
			buildRules = (
			);
			dependencies = (
				A29C2B902D6F0FCE001B9E03 /* PBXTargetDependency */,
			);
			name = AudioStreamingSwiftUITests;
			productName = AudioStreamingSwiftUITests;
			productReference = A29C2B8E2D6F0FCE001B9E03 /* AudioStreamingSwiftUITests.xctest */;
			productType = "com.apple.product-type.bundle.unit-test";
		};
		A29C2B972D6F0FCE001B9E03 /* AudioStreamingSwiftUIUITests */ = {
			isa = PBXNativeTarget;
			buildConfigurationList = A29C2BA82D6F0FCE001B9E03 /* Build configuration list for PBXNativeTarget "AudioStreamingSwiftUIUITests" */;
			buildPhases = (
				A29C2B942D6F0FCE001B9E03 /* Sources */,
				A29C2B952D6F0FCE001B9E03 /* Frameworks */,
				A29C2B962D6F0FCE001B9E03 /* Resources */,
			);
			buildRules = (
			);
			dependencies = (
				A29C2B9A2D6F0FCE001B9E03 /* PBXTargetDependency */,
			);
			name = AudioStreamingSwiftUIUITests;
			productName = AudioStreamingSwiftUIUITests;
			productReference = A29C2B982D6F0FCE001B9E03 /* AudioStreamingSwiftUIUITests.xctest */;
			productType = "com.apple.product-type.bundle.ui-testing";
		};
/* End PBXNativeTarget section */

/* Begin PBXProject section */
		A29C2B762D6F0FCD001B9E03 /* Project object */ = {
			isa = PBXProject;
			attributes = {
				BuildIndependentTargetsInParallel = 1;
				LastSwiftUpdateCheck = 1530;
				LastUpgradeCheck = 1530;
				TargetAttributes = {
					A29C2B7D2D6F0FCD001B9E03 = {
						CreatedOnToolsVersion = 15.3;
					};
					A29C2B8D2D6F0FCE001B9E03 = {
						CreatedOnToolsVersion = 15.3;
						TestTargetID = A29C2B7D2D6F0FCD001B9E03;
					};
					A29C2B972D6F0FCE001B9E03 = {
						CreatedOnToolsVersion = 15.3;
						TestTargetID = A29C2B7D2D6F0FCD001B9E03;
					};
				};
			};
			buildConfigurationList = A29C2B792D6F0FCD001B9E03 /* Build configuration list for PBXProject "AudioStreamingSwiftUI" */;
			compatibilityVersion = "Xcode 14.0";
			developmentRegion = en;
			hasScannedForEncodings = 0;
			knownRegions = (
				en,
				Base,
			);
			mainGroup = A29C2B752D6F0FCD001B9E03;
			packageReferences = (
				A29C2BAB2D6F1448001B9E03 /* XCRemoteSwiftPackageReference "lottie-ios" */,
				A29C2BB02D6F1690001B9E03 /* XCRemoteSwiftPackageReference "SDWebImageSwiftUI" */,
				A29C2BB32D6F1BE3001B9E03 /* XCRemoteSwiftPackageReference "SDWebImageSVGCoder" */,
				A2A945722D70347400EE3DDA /* XCRemoteSwiftPackageReference "AudioStreaming" */,
			);
			productRefGroup = A29C2B7F2D6F0FCD001B9E03 /* Products */;
			projectDirPath = "";
			projectRoot = "";
			targets = (
				A29C2B7D2D6F0FCD001B9E03 /* AudioStreamingSwiftUI */,
				A29C2B8D2D6F0FCE001B9E03 /* AudioStreamingSwiftUITests */,
				A29C2B972D6F0FCE001B9E03 /* AudioStreamingSwiftUIUITests */,
			);
		};
/* End PBXProject section */

/* Begin PBXResourcesBuildPhase section */
		A29C2B7C2D6F0FCD001B9E03 /* Resources */ = {
			isa = PBXResourcesBuildPhase;
			buildActionMask = 2147483647;
			files = (
				A29C2B892D6F0FCE001B9E03 /* Preview Assets.xcassets in Resources */,
				A29C2B862D6F0FCE001B9E03 /* Assets.xcassets in Resources */,
			);
			runOnlyForDeploymentPostprocessing = 0;
		};
		A29C2B8C2D6F0FCE001B9E03 /* Resources */ = {
			isa = PBXResourcesBuildPhase;
			buildActionMask = 2147483647;
			files = (
			);
			runOnlyForDeploymentPostprocessing = 0;
		};
		A29C2B962D6F0FCE001B9E03 /* Resources */ = {
			isa = PBXResourcesBuildPhase;
			buildActionMask = 2147483647;
			files = (
			);
			runOnlyForDeploymentPostprocessing = 0;
		};
/* End PBXResourcesBuildPhase section */

/* Begin PBXSourcesBuildPhase section */
		A29C2B7A2D6F0FCD001B9E03 /* Sources */ = {
			isa = PBXSourcesBuildPhase;
			buildActionMask = 2147483647;
			files = (
				A29C2BC12D6F3AB9001B9E03 /* URLSessionProtocol.swift in Sources */,
				A29C2B842D6F0FCD001B9E03 /* GreetingsPage.swift in Sources */,
				A29C2B822D6F0FCD001B9E03 /* AudioStreamingSwiftUIApp.swift in Sources */,
				A29C2BC52D6F3D0C001B9E03 /* VoiceOption.swift in Sources */,
				A29C2BB72D6F22CF001B9E03 /* ColorConstant.swift in Sources */,
				A29C2BC72D6F43E1001B9E03 /* AudioPlayer.swift in Sources */,
				A2A945782D70372300EE3DDA /* API.swift in Sources */,
				A29C2BBB2D6F3023001B9E03 /* ConversationsPage.swift in Sources */,
			);
			runOnlyForDeploymentPostprocessing = 0;
		};
		A29C2B8A2D6F0FCE001B9E03 /* Sources */ = {
			isa = PBXSourcesBuildPhase;
			buildActionMask = 2147483647;
			files = (
				A29C2BBF2D6F3A46001B9E03 /* MockURLSession.swift in Sources */,
				A29C2BC92D6F45CD001B9E03 /* MockAudioPlayer.swift in Sources */,
				A29C2B932D6F0FCE001B9E03 /* ConversationsViewTests.swift in Sources */,
				A29C2BCB2D6F464E001B9E03 /* GreetingsViewModelTests.swift in Sources */,
			);
			runOnlyForDeploymentPostprocessing = 0;
		};
		A29C2B942D6F0FCE001B9E03 /* Sources */ = {
			isa = PBXSourcesBuildPhase;
			buildActionMask = 2147483647;
			files = (
				A29C2B9F2D6F0FCE001B9E03 /* AudioStreamingSwiftUIUITestsLaunchTests.swift in Sources */,
				A29C2B9D2D6F0FCE001B9E03 /* AudioStreamingSwiftUIUITests.swift in Sources */,
			);
			runOnlyForDeploymentPostprocessing = 0;
		};
/* End PBXSourcesBuildPhase section */

/* Begin PBXTargetDependency section */
		A29C2B902D6F0FCE001B9E03 /* PBXTargetDependency */ = {
			isa = PBXTargetDependency;
			target = A29C2B7D2D6F0FCD001B9E03 /* AudioStreamingSwiftUI */;
			targetProxy = A29C2B8F2D6F0FCE001B9E03 /* PBXContainerItemProxy */;
		};
		A29C2B9A2D6F0FCE001B9E03 /* PBXTargetDependency */ = {
			isa = PBXTargetDependency;
			target = A29C2B7D2D6F0FCD001B9E03 /* AudioStreamingSwiftUI */;
			targetProxy = A29C2B992D6F0FCE001B9E03 /* PBXContainerItemProxy */;
		};
/* End PBXTargetDependency section */

/* Begin XCBuildConfiguration section */
		A29C2BA02D6F0FCE001B9E03 /* Debug */ = {
			isa = XCBuildConfiguration;
			buildSettings = {
				ALWAYS_SEARCH_USER_PATHS = NO;
				ASSETCATALOG_COMPILER_GENERATE_SWIFT_ASSET_SYMBOL_EXTENSIONS = YES;
				CLANG_ANALYZER_NONNULL = YES;
				CLANG_ANALYZER_NUMBER_OBJECT_CONVERSION = YES_AGGRESSIVE;
				CLANG_CXX_LANGUAGE_STANDARD = "gnu++20";
				CLANG_ENABLE_MODULES = YES;
				CLANG_ENABLE_OBJC_ARC = YES;
				CLANG_ENABLE_OBJC_WEAK = YES;
				CLANG_WARN_BLOCK_CAPTURE_AUTORELEASING = YES;
				CLANG_WARN_BOOL_CONVERSION = YES;
				CLANG_WARN_COMMA = YES;
				CLANG_WARN_CONSTANT_CONVERSION = YES;
				CLANG_WARN_DEPRECATED_OBJC_IMPLEMENTATIONS = YES;
				CLANG_WARN_DIRECT_OBJC_ISA_USAGE = YES_ERROR;
				CLANG_WARN_DOCUMENTATION_COMMENTS = YES;
				CLANG_WARN_EMPTY_BODY = YES;
				CLANG_WARN_ENUM_CONVERSION = YES;
				CLANG_WARN_INFINITE_RECURSION = YES;
				CLANG_WARN_INT_CONVERSION = YES;
				CLANG_WARN_NON_LITERAL_NULL_CONVERSION = YES;
				CLANG_WARN_OBJC_IMPLICIT_RETAIN_SELF = YES;
				CLANG_WARN_OBJC_LITERAL_CONVERSION = YES;
				CLANG_WARN_OBJC_ROOT_CLASS = YES_ERROR;
				CLANG_WARN_QUOTED_INCLUDE_IN_FRAMEWORK_HEADER = YES;
				CLANG_WARN_RANGE_LOOP_ANALYSIS = YES;
				CLANG_WARN_STRICT_PROTOTYPES = YES;
				CLANG_WARN_SUSPICIOUS_MOVE = YES;
				CLANG_WARN_UNGUARDED_AVAILABILITY = YES_AGGRESSIVE;
				CLANG_WARN_UNREACHABLE_CODE = YES;
				CLANG_WARN__DUPLICATE_METHOD_MATCH = YES;
				COPY_PHASE_STRIP = NO;
				DEBUG_INFORMATION_FORMAT = dwarf;
				ENABLE_STRICT_OBJC_MSGSEND = YES;
				ENABLE_TESTABILITY = YES;
				ENABLE_USER_SCRIPT_SANDBOXING = YES;
				GCC_C_LANGUAGE_STANDARD = gnu17;
				GCC_DYNAMIC_NO_PIC = NO;
				GCC_NO_COMMON_BLOCKS = YES;
				GCC_OPTIMIZATION_LEVEL = 0;
				GCC_PREPROCESSOR_DEFINITIONS = (
					"DEBUG=1",
					"$(inherited)",
				);
				GCC_WARN_64_TO_32_BIT_CONVERSION = YES;
				GCC_WARN_ABOUT_RETURN_TYPE = YES_ERROR;
				GCC_WARN_UNDECLARED_SELECTOR = YES;
				GCC_WARN_UNINITIALIZED_AUTOS = YES_AGGRESSIVE;
				GCC_WARN_UNUSED_FUNCTION = YES;
				GCC_WARN_UNUSED_VARIABLE = YES;
				IPHONEOS_DEPLOYMENT_TARGET = 16.0;
				LOCALIZATION_PREFERS_STRING_CATALOGS = YES;
				MTL_ENABLE_DEBUG_INFO = INCLUDE_SOURCE;
				MTL_FAST_MATH = YES;
				ONLY_ACTIVE_ARCH = YES;
				SDKROOT = iphoneos;
				SWIFT_ACTIVE_COMPILATION_CONDITIONS = "DEBUG $(inherited)";
				SWIFT_OPTIMIZATION_LEVEL = "-Onone";
			};
			name = Debug;
		};
		A29C2BA12D6F0FCE001B9E03 /* Release */ = {
			isa = XCBuildConfiguration;
			buildSettings = {
				ALWAYS_SEARCH_USER_PATHS = NO;
				ASSETCATALOG_COMPILER_GENERATE_SWIFT_ASSET_SYMBOL_EXTENSIONS = YES;
				CLANG_ANALYZER_NONNULL = YES;
				CLANG_ANALYZER_NUMBER_OBJECT_CONVERSION = YES_AGGRESSIVE;
				CLANG_CXX_LANGUAGE_STANDARD = "gnu++20";
				CLANG_ENABLE_MODULES = YES;
				CLANG_ENABLE_OBJC_ARC = YES;
				CLANG_ENABLE_OBJC_WEAK = YES;
				CLANG_WARN_BLOCK_CAPTURE_AUTORELEASING = YES;
				CLANG_WARN_BOOL_CONVERSION = YES;
				CLANG_WARN_COMMA = YES;
				CLANG_WARN_CONSTANT_CONVERSION = YES;
				CLANG_WARN_DEPRECATED_OBJC_IMPLEMENTATIONS = YES;
				CLANG_WARN_DIRECT_OBJC_ISA_USAGE = YES_ERROR;
				CLANG_WARN_DOCUMENTATION_COMMENTS = YES;
				CLANG_WARN_EMPTY_BODY = YES;
				CLANG_WARN_ENUM_CONVERSION = YES;
				CLANG_WARN_INFINITE_RECURSION = YES;
				CLANG_WARN_INT_CONVERSION = YES;
				CLANG_WARN_NON_LITERAL_NULL_CONVERSION = YES;
				CLANG_WARN_OBJC_IMPLICIT_RETAIN_SELF = YES;
				CLANG_WARN_OBJC_LITERAL_CONVERSION = YES;
				CLANG_WARN_OBJC_ROOT_CLASS = YES_ERROR;
				CLANG_WARN_QUOTED_INCLUDE_IN_FRAMEWORK_HEADER = YES;
				CLANG_WARN_RANGE_LOOP_ANALYSIS = YES;
				CLANG_WARN_STRICT_PROTOTYPES = YES;
				CLANG_WARN_SUSPICIOUS_MOVE = YES;
				CLANG_WARN_UNGUARDED_AVAILABILITY = YES_AGGRESSIVE;
				CLANG_WARN_UNREACHABLE_CODE = YES;
				CLANG_WARN__DUPLICATE_METHOD_MATCH = YES;
				COPY_PHASE_STRIP = NO;
				DEBUG_INFORMATION_FORMAT = "dwarf-with-dsym";
				ENABLE_NS_ASSERTIONS = NO;
				ENABLE_STRICT_OBJC_MSGSEND = YES;
				ENABLE_USER_SCRIPT_SANDBOXING = YES;
				GCC_C_LANGUAGE_STANDARD = gnu17;
				GCC_NO_COMMON_BLOCKS = YES;
				GCC_WARN_64_TO_32_BIT_CONVERSION = YES;
				GCC_WARN_ABOUT_RETURN_TYPE = YES_ERROR;
				GCC_WARN_UNDECLARED_SELECTOR = YES;
				GCC_WARN_UNINITIALIZED_AUTOS = YES_AGGRESSIVE;
				GCC_WARN_UNUSED_FUNCTION = YES;
				GCC_WARN_UNUSED_VARIABLE = YES;
				IPHONEOS_DEPLOYMENT_TARGET = 16.0;
				LOCALIZATION_PREFERS_STRING_CATALOGS = YES;
				MTL_ENABLE_DEBUG_INFO = NO;
				MTL_FAST_MATH = YES;
				SDKROOT = iphoneos;
				SWIFT_COMPILATION_MODE = wholemodule;
				VALIDATE_PRODUCT = YES;
			};
			name = Release;
		};
		A29C2BA32D6F0FCE001B9E03 /* Debug */ = {
			isa = XCBuildConfiguration;
			buildSettings = {
				ASSETCATALOG_COMPILER_APPICON_NAME = AppIcon;
				ASSETCATALOG_COMPILER_GLOBAL_ACCENT_COLOR_NAME = AccentColor;
				CODE_SIGN_STYLE = Automatic;
				CURRENT_PROJECT_VERSION = 1;
				DEVELOPMENT_ASSET_PATHS = "\"AudioStreamingSwiftUI/Preview Content\"";
				DEVELOPMENT_TEAM = 9R96HX7766;
				ENABLE_PREVIEWS = YES;
				GENERATE_INFOPLIST_FILE = YES;
				INFOPLIST_KEY_UIApplicationSceneManifest_Generation = YES;
				INFOPLIST_KEY_UIApplicationSupportsIndirectInputEvents = YES;
				INFOPLIST_KEY_UILaunchScreen_Generation = YES;
				INFOPLIST_KEY_UISupportedInterfaceOrientations_iPad = "UIInterfaceOrientationPortrait UIInterfaceOrientationPortraitUpsideDown UIInterfaceOrientationLandscapeLeft UIInterfaceOrientationLandscapeRight";
				INFOPLIST_KEY_UISupportedInterfaceOrientations_iPhone = "UIInterfaceOrientationPortrait UIInterfaceOrientationLandscapeLeft UIInterfaceOrientationLandscapeRight";
				LD_RUNPATH_SEARCH_PATHS = (
					"$(inherited)",
					"@executable_path/Frameworks",
				);
				MARKETING_VERSION = 1.0;
				PRODUCT_BUNDLE_IDENTIFIER = com.fachri.AudioStreamingSwiftUI;
				PRODUCT_NAME = "$(TARGET_NAME)";
				SWIFT_EMIT_LOC_STRINGS = YES;
				SWIFT_VERSION = 5.0;
				TARGETED_DEVICE_FAMILY = "1,2";
			};
			name = Debug;
		};
		A29C2BA42D6F0FCE001B9E03 /* Release */ = {
			isa = XCBuildConfiguration;
			buildSettings = {
				ASSETCATALOG_COMPILER_APPICON_NAME = AppIcon;
				ASSETCATALOG_COMPILER_GLOBAL_ACCENT_COLOR_NAME = AccentColor;
				CODE_SIGN_STYLE = Automatic;
				CURRENT_PROJECT_VERSION = 1;
				DEVELOPMENT_ASSET_PATHS = "\"AudioStreamingSwiftUI/Preview Content\"";
				DEVELOPMENT_TEAM = 9R96HX7766;
				ENABLE_PREVIEWS = YES;
				GENERATE_INFOPLIST_FILE = YES;
				INFOPLIST_KEY_UIApplicationSceneManifest_Generation = YES;
				INFOPLIST_KEY_UIApplicationSupportsIndirectInputEvents = YES;
				INFOPLIST_KEY_UILaunchScreen_Generation = YES;
				INFOPLIST_KEY_UISupportedInterfaceOrientations_iPad = "UIInterfaceOrientationPortrait UIInterfaceOrientationPortraitUpsideDown UIInterfaceOrientationLandscapeLeft UIInterfaceOrientationLandscapeRight";
				INFOPLIST_KEY_UISupportedInterfaceOrientations_iPhone = "UIInterfaceOrientationPortrait UIInterfaceOrientationLandscapeLeft UIInterfaceOrientationLandscapeRight";
				LD_RUNPATH_SEARCH_PATHS = (
					"$(inherited)",
					"@executable_path/Frameworks",
				);
				MARKETING_VERSION = 1.0;
				PRODUCT_BUNDLE_IDENTIFIER = com.fachri.AudioStreamingSwiftUI;
				PRODUCT_NAME = "$(TARGET_NAME)";
				SWIFT_EMIT_LOC_STRINGS = YES;
				SWIFT_VERSION = 5.0;
				TARGETED_DEVICE_FAMILY = "1,2";
			};
			name = Release;
		};
		A29C2BA62D6F0FCE001B9E03 /* Debug */ = {
			isa = XCBuildConfiguration;
			buildSettings = {
				ALWAYS_EMBED_SWIFT_STANDARD_LIBRARIES = YES;
				BUNDLE_LOADER = "$(TEST_HOST)";
				CODE_SIGN_STYLE = Automatic;
				CURRENT_PROJECT_VERSION = 1;
				DEVELOPMENT_TEAM = 9R96HX7766;
				GENERATE_INFOPLIST_FILE = YES;
				IPHONEOS_DEPLOYMENT_TARGET = 17.4;
				MARKETING_VERSION = 1.0;
				PRODUCT_BUNDLE_IDENTIFIER = com.fachri.AudioStreamingSwiftUITests;
				PRODUCT_NAME = "$(TARGET_NAME)";
				SWIFT_EMIT_LOC_STRINGS = NO;
				SWIFT_VERSION = 5.0;
				TARGETED_DEVICE_FAMILY = "1,2";
				TEST_HOST = "$(BUILT_PRODUCTS_DIR)/AudioStreamingSwiftUI.app/$(BUNDLE_EXECUTABLE_FOLDER_PATH)/AudioStreamingSwiftUI";
			};
			name = Debug;
		};
		A29C2BA72D6F0FCE001B9E03 /* Release */ = {
			isa = XCBuildConfiguration;
			buildSettings = {
				ALWAYS_EMBED_SWIFT_STANDARD_LIBRARIES = YES;
				BUNDLE_LOADER = "$(TEST_HOST)";
				CODE_SIGN_STYLE = Automatic;
				CURRENT_PROJECT_VERSION = 1;
				DEVELOPMENT_TEAM = 9R96HX7766;
				GENERATE_INFOPLIST_FILE = YES;
				IPHONEOS_DEPLOYMENT_TARGET = 17.4;
				MARKETING_VERSION = 1.0;
				PRODUCT_BUNDLE_IDENTIFIER = com.fachri.AudioStreamingSwiftUITests;
				PRODUCT_NAME = "$(TARGET_NAME)";
				SWIFT_EMIT_LOC_STRINGS = NO;
				SWIFT_VERSION = 5.0;
				TARGETED_DEVICE_FAMILY = "1,2";
				TEST_HOST = "$(BUILT_PRODUCTS_DIR)/AudioStreamingSwiftUI.app/$(BUNDLE_EXECUTABLE_FOLDER_PATH)/AudioStreamingSwiftUI";
			};
			name = Release;
		};
		A29C2BA92D6F0FCE001B9E03 /* Debug */ = {
			isa = XCBuildConfiguration;
			buildSettings = {
				ALWAYS_EMBED_SWIFT_STANDARD_LIBRARIES = YES;
				CODE_SIGN_STYLE = Automatic;
				CURRENT_PROJECT_VERSION = 1;
				DEVELOPMENT_TEAM = 9R96HX7766;
				GENERATE_INFOPLIST_FILE = YES;
				MARKETING_VERSION = 1.0;
				PRODUCT_BUNDLE_IDENTIFIER = com.fachri.AudioStreamingSwiftUIUITests;
				PRODUCT_NAME = "$(TARGET_NAME)";
				SWIFT_EMIT_LOC_STRINGS = NO;
				SWIFT_VERSION = 5.0;
				TARGETED_DEVICE_FAMILY = "1,2";
				TEST_TARGET_NAME = AudioStreamingSwiftUI;
			};
			name = Debug;
		};
		A29C2BAA2D6F0FCE001B9E03 /* Release */ = {
			isa = XCBuildConfiguration;
			buildSettings = {
				ALWAYS_EMBED_SWIFT_STANDARD_LIBRARIES = YES;
				CODE_SIGN_STYLE = Automatic;
				CURRENT_PROJECT_VERSION = 1;
				DEVELOPMENT_TEAM = 9R96HX7766;
				GENERATE_INFOPLIST_FILE = YES;
				MARKETING_VERSION = 1.0;
				PRODUCT_BUNDLE_IDENTIFIER = com.fachri.AudioStreamingSwiftUIUITests;
				PRODUCT_NAME = "$(TARGET_NAME)";
				SWIFT_EMIT_LOC_STRINGS = NO;
				SWIFT_VERSION = 5.0;
				TARGETED_DEVICE_FAMILY = "1,2";
				TEST_TARGET_NAME = AudioStreamingSwiftUI;
			};
			name = Release;
		};
/* End XCBuildConfiguration section */

/* Begin XCConfigurationList section */
		A29C2B792D6F0FCD001B9E03 /* Build configuration list for PBXProject "AudioStreamingSwiftUI" */ = {
			isa = XCConfigurationList;
			buildConfigurations = (
				A29C2BA02D6F0FCE001B9E03 /* Debug */,
				A29C2BA12D6F0FCE001B9E03 /* Release */,
			);
			defaultConfigurationIsVisible = 0;
			defaultConfigurationName = Release;
		};
		A29C2BA22D6F0FCE001B9E03 /* Build configuration list for PBXNativeTarget "AudioStreamingSwiftUI" */ = {
			isa = XCConfigurationList;
			buildConfigurations = (
				A29C2BA32D6F0FCE001B9E03 /* Debug */,
				A29C2BA42D6F0FCE001B9E03 /* Release */,
			);
			defaultConfigurationIsVisible = 0;
			defaultConfigurationName = Release;
		};
		A29C2BA52D6F0FCE001B9E03 /* Build configuration list for PBXNativeTarget "AudioStreamingSwiftUITests" */ = {
			isa = XCConfigurationList;
			buildConfigurations = (
				A29C2BA62D6F0FCE001B9E03 /* Debug */,
				A29C2BA72D6F0FCE001B9E03 /* Release */,
			);
			defaultConfigurationIsVisible = 0;
			defaultConfigurationName = Release;
		};
		A29C2BA82D6F0FCE001B9E03 /* Build configuration list for PBXNativeTarget "AudioStreamingSwiftUIUITests" */ = {
			isa = XCConfigurationList;
			buildConfigurations = (
				A29C2BA92D6F0FCE001B9E03 /* Debug */,
				A29C2BAA2D6F0FCE001B9E03 /* Release */,
			);
			defaultConfigurationIsVisible = 0;
			defaultConfigurationName = Release;
		};
/* End XCConfigurationList section */

/* Begin XCRemoteSwiftPackageReference section */
		A29C2BAB2D6F1448001B9E03 /* XCRemoteSwiftPackageReference "lottie-ios" */ = {
			isa = XCRemoteSwiftPackageReference;
			repositoryURL = "https://github.com/airbnb/lottie-ios.git";
			requirement = {
				kind = upToNextMajorVersion;
				minimumVersion = 4.5.1;
			};
		};
		A29C2BB02D6F1690001B9E03 /* XCRemoteSwiftPackageReference "SDWebImageSwiftUI" */ = {
			isa = XCRemoteSwiftPackageReference;
			repositoryURL = "https://github.com/SDWebImage/SDWebImageSwiftUI.git";
			requirement = {
				kind = upToNextMajorVersion;
				minimumVersion = 3.1.3;
			};
		};
		A29C2BB32D6F1BE3001B9E03 /* XCRemoteSwiftPackageReference "SDWebImageSVGCoder" */ = {
			isa = XCRemoteSwiftPackageReference;
			repositoryURL = "https://github.com/SDWebImage/SDWebImageSVGCoder.git";
			requirement = {
				kind = upToNextMajorVersion;
				minimumVersion = 1.8.0;
			};
		};
		A2A945722D70347400EE3DDA /* XCRemoteSwiftPackageReference "AudioStreaming" */ = {
			isa = XCRemoteSwiftPackageReference;
			repositoryURL = "https://github.com/dimitris-c/AudioStreaming.git";
			requirement = {
				kind = upToNextMajorVersion;
				minimumVersion = 1.2.7;
			};
		};
/* End XCRemoteSwiftPackageReference section */

/* Begin XCSwiftPackageProductDependency section */
		A29C2BAC2D6F1448001B9E03 /* Lottie */ = {
			isa = XCSwiftPackageProductDependency;
			package = A29C2BAB2D6F1448001B9E03 /* XCRemoteSwiftPackageReference "lottie-ios" */;
			productName = Lottie;
		};
		A29C2BB12D6F1690001B9E03 /* SDWebImageSwiftUI */ = {
			isa = XCSwiftPackageProductDependency;
			package = A29C2BB02D6F1690001B9E03 /* XCRemoteSwiftPackageReference "SDWebImageSwiftUI" */;
			productName = SDWebImageSwiftUI;
		};
		A29C2BB42D6F1BE3001B9E03 /* SDWebImageSVGCoder */ = {
			isa = XCSwiftPackageProductDependency;
			package = A29C2BB32D6F1BE3001B9E03 /* XCRemoteSwiftPackageReference "SDWebImageSVGCoder" */;
			productName = SDWebImageSVGCoder;
		};
		A2A945732D70347400EE3DDA /* AudioStreaming */ = {
			isa = XCSwiftPackageProductDependency;
			package = A2A945722D70347400EE3DDA /* XCRemoteSwiftPackageReference "AudioStreaming" */;
			productName = AudioStreaming;
		};
/* End XCSwiftPackageProductDependency section */
	};
	rootObject = A29C2B762D6F0FCD001B9E03 /* Project object */;
}
